PODS:
  - IFACoreUI (2.0.3):
    - IFAFoundation (~> 2.0)
  - IFAFoundation (2.0.1)
  - OCMock (3.2)

DEPENDENCIES:
  - IFACoreUI (from `/Users/bishalbhansali/MyDocuments/DFSI/OGNPods/IFACoreUI`)
  - OCMock

SPEC REPOS:
  trunk:
    - IFAFoundation
    - OCMock

EXTERNAL SOURCES:
  IFACoreUI:
    :path: "/Users/bishalbhansali/MyDocuments/DFSI/OGNPods/IFACoreUI"

SPEC CHECKSUMS:
  IFACoreUI: c327f228880d054c8e6be3d2966070dd10f8c934
  IFAFoundation: 34109c7b4b72794479d184d0b1ae436b15621388
  OCMock: 28def049ef47f996b515a8eeea958be7ccab2dbb

PODFILE CHECKSUM: 63e9409d9e7fe3bab925ef5f36658a62d0342c5f

COCOAPODS: 1.8.4
